
Microsoft Visual Studio Solution File, Format Version 12.00
# Visual Studio 15
VisualStudioVersion = 15.0.27428.2015
MinimumVisualStudioVersion = 10.0.40219.1
Project("{FAE04EC0-301F-11D3-BF4B-00C04F79EFBC}") = "Pseudo-i18n-Processor", "Pseudo-i18n-Processor\Pseudo-i18n-Processor.csproj", "{B7D62DE4-E2A2-4F6A-8C8C-752F653BD6A9}"
EndProject
Project("{FAE04EC0-301F-11D3-BF4B-00C04F79EFBC}") = "Pseudo-i18n", "Pseudo-i18n\Pseudo-i18n.csproj", "{690A391A-E4CC-428A-BDEF-03967B535815}"
EndProject
Global
	GlobalSection(SolutionConfigurationPlatforms) = preSolution
		Debug|Any CPU = Debug|Any CPU
		Release|Any CPU = Release|Any CPU
	EndGlobalSection
	GlobalSection(ProjectConfigurationPlatforms) = postSolution
		{B7D62DE4-E2A2-4F6A-8C8C-752F653BD6A9}.Debug|Any CPU.ActiveCfg = Debug|Any CPU
		{B7D62DE4-E2A2-4F6A-8C8C-752F653BD6A9}.Debug|Any CPU.Build.0 = Debug|Any CPU
		{B7D62DE4-E2A2-4F6A-8C8C-752F653BD6A9}.Release|Any CPU.ActiveCfg = Release|Any CPU
		{B7D62DE4-E2A2-4F6A-8C8C-752F653BD6A9}.Release|Any CPU.Build.0 = Release|Any CPU
		{690A391A-E4CC-428A-BDEF-03967B535815}.Debug|Any CPU.ActiveCfg = Debug|Any CPU
		{690A391A-E4CC-428A-BDEF-03967B535815}.Debug|Any CPU.Build.0 = Debug|Any CPU
		{690A391A-E4CC-428A-BDEF-03967B535815}.Release|Any CPU.ActiveCfg = Release|Any CPU
		{690A391A-E4CC-428A-BDEF-03967B535815}.Release|Any CPU.Build.0 = Release|Any CPU
	EndGlobalSection
	GlobalSection(SolutionProperties) = preSolution
		HideSolutionNode = FALSE
	EndGlobalSection
	GlobalSection(ExtensibilityGlobals) = postSolution
		SolutionGuid = {CF715192-7AE5-4A49-A796-F2BD393211B3}
	EndGlobalSection
EndGlobal
